
Microsoft Visual Studio Solution File, Format Version 12.00
# Visual Studio Version 17
VisualStudioVersion = 17.4.32916.344
MinimumVisualStudioVersion = 10.0.40219.1
Project("{9A19103F-16F7-4668-BE54-9A1E7A4F7556}") = "BlazorApp1.Server", "BlazorApp1\Server\BlazorApp1.Server.csproj", "{50444DE0-CCB3-4C65-AA85-5AAC4F5B289B}"
EndProject
Project("{9A19103F-16F7-4668-BE54-9A1E7A4F7556}") = "BlazorApp1.Client", "BlazorApp1\Client\BlazorApp1.Client.csproj", "{65FFD8A1-A09C-4849-B513-B7B33C2359F0}"
EndProject
Project("{9A19103F-16F7-4668-BE54-9A1E7A4F7556}") = "BlazorApp1.Shared", "BlazorApp1\Shared\BlazorApp1.Shared.csproj", "{B1B49684-D79F-4A91-A9D9-1EC18722A08F}"
EndProject
Project("{FAE04EC0-301F-11D3-BF4B-00C04F79EFBC}") = "TestProject1", "test\TestProject1\TestProject1.csproj", "{BB46C556-1F26-40FF-B149-DA96EAF849F3}"
EndProject
Global
	GlobalSection(SolutionConfigurationPlatforms) = preSolution
		Debug|Any CPU = Debug|Any CPU
		Release|Any CPU = Release|Any CPU
	EndGlobalSection
	GlobalSection(ProjectConfigurationPlatforms) = postSolution
		{50444DE0-CCB3-4C65-AA85-5AAC4F5B289B}.Debug|Any CPU.ActiveCfg = Debug|Any CPU
		{50444DE0-CCB3-4C65-AA85-5AAC4F5B289B}.Debug|Any CPU.Build.0 = Debug|Any CPU
		{50444DE0-CCB3-4C65-AA85-5AAC4F5B289B}.Release|Any CPU.ActiveCfg = Release|Any CPU
		{50444DE0-CCB3-4C65-AA85-5AAC4F5B289B}.Release|Any CPU.Build.0 = Release|Any CPU
		{65FFD8A1-A09C-4849-B513-B7B33C2359F0}.Debug|Any CPU.ActiveCfg = Debug|Any CPU
		{65FFD8A1-A09C-4849-B513-B7B33C2359F0}.Debug|Any CPU.Build.0 = Debug|Any CPU
		{65FFD8A1-A09C-4849-B513-B7B33C2359F0}.Release|Any CPU.ActiveCfg = Release|Any CPU
		{65FFD8A1-A09C-4849-B513-B7B33C2359F0}.Release|Any CPU.Build.0 = Release|Any CPU
		{B1B49684-D79F-4A91-A9D9-1EC18722A08F}.Debug|Any CPU.ActiveCfg = Debug|Any CPU
		{B1B49684-D79F-4A91-A9D9-1EC18722A08F}.Debug|Any CPU.Build.0 = Debug|Any CPU
		{B1B49684-D79F-4A91-A9D9-1EC18722A08F}.Release|Any CPU.ActiveCfg = Release|Any CPU
		{B1B49684-D79F-4A91-A9D9-1EC18722A08F}.Release|Any CPU.Build.0 = Release|Any CPU
		{BB46C556-1F26-40FF-B149-DA96EAF849F3}.Debug|Any CPU.ActiveCfg = Debug|Any CPU
		{BB46C556-1F26-40FF-B149-DA96EAF849F3}.Debug|Any CPU.Build.0 = Debug|Any CPU
		{BB46C556-1F26-40FF-B149-DA96EAF849F3}.Release|Any CPU.ActiveCfg = Release|Any CPU
		{BB46C556-1F26-40FF-B149-DA96EAF849F3}.Release|Any CPU.Build.0 = Release|Any CPU
	EndGlobalSection
	GlobalSection(SolutionProperties) = preSolution
		HideSolutionNode = FALSE
	EndGlobalSection
	GlobalSection(ExtensibilityGlobals) = postSolution
		SolutionGuid = {3C4641D4-7452-4863-A62D-CFBE86C6D521}
	EndGlobalSection
EndGlobal
